PODS:
  - CocoaAsyncSocket (7.6.3)
  - CocoaMQTT (1.1.2):
    - CocoaAsyncSocket (~> 7.6.1)
    - SwiftyTimer (~> 2.0.0)
  - CSV.swift (2.2.1)
  - MQTTClient (0.15.1):
    - MQTTClient/Core (= 0.15.1)
  - MQTTClient/Core (0.15.1):
    - MQTTClient/Manager
    - MQTTClient/Min
  - MQTTClient/Manager (0.15.1):
    - MQTTClient/Min
  - MQTTClient/Min (0.15.1)
  - SwiftyTimer (2.0.0)

DEPENDENCIES:
  - CocoaMQTT
  - CSV.swift (~> 2.2.1)
  - MQTTClient

SPEC REPOS:
  https://github.com/cocoapods/specs.git:
    - CocoaAsyncSocket
    - CocoaMQTT
    - CSV.swift
    - MQTTClient
    - SwiftyTimer

SPEC CHECKSUMS:
  CocoaAsyncSocket: eafaa68a7e0ec99ead0a7b35015e0bf25d2c8987
  CocoaMQTT: d33ab3cd4e329f9f1cfbb62e25306a318a606616
  CSV.swift: 5bf3338aff82371cb51cc6dc559d7b45a74bab14
  MQTTClient: 92ead4ac75687e7021bcf8d564ff37aaf950d631
  SwiftyTimer: 2efd74b060d69ad4f1496baf5bbedbe132125fcf

PODFILE CHECKSUM: 25cf38183cbe565a8abf19666899e5350d126f75

COCOAPODS: 1.5.3
